
Microsoft Visual Studio Solution File, Format Version 12.00
# Visual Studio Version 17
VisualStudioVersion = 17.0.32014.148
MinimumVisualStudioVersion = 10.0.40219.1
Project("{9A19103F-16F7-4668-BE54-9A1E7A4F7556}") = "PriceEngine", "PriceEngine\PriceEngine.csproj", "{71F8151B-5573-4670-85B8-CF0A63A21407}"
EndProject
Project("{9A19103F-16F7-4668-BE54-9A1E7A4F7556}") = "PriceEngine.Tests", "PriceEngine.Tests\PriceEngine.Tests.csproj", "{0281EA77-CAC1-464C-8635-EBDFE9AFBEB4}"
EndProject
Project("{FAE04EC0-301F-11D3-BF4B-00C04F79EFBC}") = "PriceEngine.Core", "PriceEngine.Core\PriceEngine.Core.csproj", "{C364E214-09E0-4817-88B9-A0771BE89A55}"
EndProject
Project("{FAE04EC0-301F-11D3-BF4B-00C04F79EFBC}") = "PriceEngine.Infrastructure", "PriceEngine.Infrastructure\PriceEngine.Infrastructure.csproj", "{3C7BE988-131B-4CB0-841F-E612DF08A9AB}"
EndProject
Global
	GlobalSection(SolutionConfigurationPlatforms) = preSolution
		Debug|Any CPU = Debug|Any CPU
		Release|Any CPU = Release|Any CPU
	EndGlobalSection
	GlobalSection(ProjectConfigurationPlatforms) = postSolution
		{71F8151B-5573-4670-85B8-CF0A63A21407}.Debug|Any CPU.ActiveCfg = Debug|Any CPU
		{71F8151B-5573-4670-85B8-CF0A63A21407}.Debug|Any CPU.Build.0 = Debug|Any CPU
		{71F8151B-5573-4670-85B8-CF0A63A21407}.Release|Any CPU.ActiveCfg = Release|Any CPU
		{71F8151B-5573-4670-85B8-CF0A63A21407}.Release|Any CPU.Build.0 = Release|Any CPU
		{0281EA77-CAC1-464C-8635-EBDFE9AFBEB4}.Debug|Any CPU.ActiveCfg = Debug|Any CPU
		{0281EA77-CAC1-464C-8635-EBDFE9AFBEB4}.Debug|Any CPU.Build.0 = Debug|Any CPU
		{0281EA77-CAC1-464C-8635-EBDFE9AFBEB4}.Release|Any CPU.ActiveCfg = Release|Any CPU
		{0281EA77-CAC1-464C-8635-EBDFE9AFBEB4}.Release|Any CPU.Build.0 = Release|Any CPU
		{C364E214-09E0-4817-88B9-A0771BE89A55}.Debug|Any CPU.ActiveCfg = Debug|Any CPU
		{C364E214-09E0-4817-88B9-A0771BE89A55}.Debug|Any CPU.Build.0 = Debug|Any CPU
		{C364E214-09E0-4817-88B9-A0771BE89A55}.Release|Any CPU.ActiveCfg = Release|Any CPU
		{C364E214-09E0-4817-88B9-A0771BE89A55}.Release|Any CPU.Build.0 = Release|Any CPU
		{3C7BE988-131B-4CB0-841F-E612DF08A9AB}.Debug|Any CPU.ActiveCfg = Debug|Any CPU
		{3C7BE988-131B-4CB0-841F-E612DF08A9AB}.Debug|Any CPU.Build.0 = Debug|Any CPU
		{3C7BE988-131B-4CB0-841F-E612DF08A9AB}.Release|Any CPU.ActiveCfg = Release|Any CPU
		{3C7BE988-131B-4CB0-841F-E612DF08A9AB}.Release|Any CPU.Build.0 = Release|Any CPU
	EndGlobalSection
	GlobalSection(SolutionProperties) = preSolution
		HideSolutionNode = FALSE
	EndGlobalSection
	GlobalSection(ExtensibilityGlobals) = postSolution
		SolutionGuid = {FF150265-C3F1-4DCC-B365-E8B637280204}
	EndGlobalSection
EndGlobal
